
Microsoft Visual Studio Solution File, Format Version 12.00
# Visual Studio Version 17
VisualStudioVersion = 17.9.34728.123
MinimumVisualStudioVersion = 10.0.40219.1
Project("{FAE04EC0-301F-11D3-BF4B-00C04F79EFBC}") = "NewTalents.Console", "NewTalents.Console\NewTalents.Console.csproj", "{8882DFAC-A853-4FDA-BD6C-8F4A9522A262}"
EndProject
Project("{FAE04EC0-301F-11D3-BF4B-00C04F79EFBC}") = "NewTalents.Tests", "NewTalents.Tests\NewTalents.Tests.csproj", "{F3095291-2297-4433-8488-16D3E2AAFE3B}"
EndProject
Global
	GlobalSection(SolutionConfigurationPlatforms) = preSolution
		Debug|Any CPU = Debug|Any CPU
		Release|Any CPU = Release|Any CPU
	EndGlobalSection
	GlobalSection(ProjectConfigurationPlatforms) = postSolution
		{8882DFAC-A853-4FDA-BD6C-8F4A9522A262}.Debug|Any CPU.ActiveCfg = Debug|Any CPU
		{8882DFAC-A853-4FDA-BD6C-8F4A9522A262}.Debug|Any CPU.Build.0 = Debug|Any CPU
		{8882DFAC-A853-4FDA-BD6C-8F4A9522A262}.Release|Any CPU.ActiveCfg = Release|Any CPU
		{8882DFAC-A853-4FDA-BD6C-8F4A9522A262}.Release|Any CPU.Build.0 = Release|Any CPU
		{F3095291-2297-4433-8488-16D3E2AAFE3B}.Debug|Any CPU.ActiveCfg = Debug|Any CPU
		{F3095291-2297-4433-8488-16D3E2AAFE3B}.Debug|Any CPU.Build.0 = Debug|Any CPU
		{F3095291-2297-4433-8488-16D3E2AAFE3B}.Release|Any CPU.ActiveCfg = Release|Any CPU
		{F3095291-2297-4433-8488-16D3E2AAFE3B}.Release|Any CPU.Build.0 = Release|Any CPU
	EndGlobalSection
	GlobalSection(SolutionProperties) = preSolution
		HideSolutionNode = FALSE
	EndGlobalSection
	GlobalSection(ExtensibilityGlobals) = postSolution
		SolutionGuid = {895E836C-0634-4EF7-A2F7-018B4E5520FC}
	EndGlobalSection
EndGlobal
